// !$*UTF8*$!
{
	archiveVersion = 1;
	classes = {
	};
	objectVersion = 70;
	objects = {

/* Begin PBXBuildFile section */
		230514E72E864ABA00691DCC /* CountdownNotificationWindow.swift in Sources */ = {isa = PBXBuildFile; fileRef = 230514E62E864ABA00691DCC /* CountdownNotificationWindow.swift */; };
		23249BA62E82662F00F45D58 /* icon_video.mp4 in Resources */ = {isa = PBXBuildFile; fileRef = 23249BA52E82662F00F45D58 /* icon_video.mp4 */; };
		23249BA82E826FCF00F45D58 /* IOSSwitchButton.swift in Sources */ = {isa = PBXBuildFile; fileRef = 23249BA72E826FCF00F45D58 /* IOSSwitchButton.swift */; };
		234823262E7EAAC500DC507E /* AutoRestartStateMachine.swift in Sources */ = {isa = PBXBuildFile; fileRef = 234823252E7EAAC500DC507E /* AutoRestartStateMachine.swift */; };
		23BD5A8B2E80F742008AEE45 /* BeautifulPoliceOfficer-rvv8x.ttf in Resources */ = {isa = PBXBuildFile; fileRef = 23BD5A892E80F742008AEE45 /* BeautifulPoliceOfficer-rvv8x.ttf */; };
		23BD5AA92E80F9CD008AEE45 /* ClockIconGenerator.swift in Sources */ = {isa = PBXBuildFile; fileRef = 23BD5AA82E80F9CD008AEE45 /* ClockIconGenerator.swift */; };
		23BD5B2F2E818E48008AEE45 /* HoverButton.swift in Sources */ = {isa = PBXBuildFile; fileRef = 23BD5B2C2E818E48008AEE45 /* HoverButton.swift */; };
		23BD5B302E818F49008AEE45 /* OnboardingWindow.swift in Sources */ = {isa = PBXBuildFile; fileRef = 23BD5B312E818F49008AEE45 /* OnboardingWindow.swift */; };
		23BD5C352E824FE6008AEE45 /* RoundIndicatorView.swift in Sources */ = {isa = PBXBuildFile; fileRef = 23BD5C342E824FE3008AEE45 /* RoundIndicatorView.swift */; };
		23BD5DPE2E864ABA00691DCC /* DevicePerformanceDetector.swift in Sources */ = {isa = PBXBuildFile; fileRef = 23BD5DPD2E864ABA00691DCC /* DevicePerformanceDetector.swift */; };
		23D3CD282E879D1000E45C03 /* rest_video_dark.mp4 in Resources */ = {isa = PBXBuildFile; fileRef = 23D3CD262E879D1000E45C03 /* rest_video_dark.mp4 */; };
		23D3CD292E879D1000E45C03 /* rest_video_light.mp4 in Resources */ = {isa = PBXBuildFile; fileRef = 23D3CD272E879D1000E45C03 /* rest_video_light.mp4 */; };
		23D3CD2D2E879D1800E45C03 /* rest_image_light.png in Resources */ = {isa = PBXBuildFile; fileRef = 23D3CD2B2E879D1800E45C03 /* rest_image_light.png */; };
		23D3CD2E2E879D1800E45C03 /* rest_image_dark.jpeg in Resources */ = {isa = PBXBuildFile; fileRef = 23D3CD2A2E879D1800E45C03 /* rest_image_dark.jpeg */; };
		23F4A38E2E842FE100B71AA7 /* ScreenDetectionManager.swift in Sources */ = {isa = PBXBuildFile; fileRef = 23F4A38D2E842FE100B71AA7 /* ScreenDetectionManager.swift */; };
		A1234567890ABCDEF001 /* AppDelegate.swift in Sources */ = {isa = PBXBuildFile; fileRef = A1234567890ABCDEF002 /* AppDelegate.swift */; };
		A1234567890ABCDEF003 /* PomodoroTimer.swift in Sources */ = {isa = PBXBuildFile; fileRef = A1234567890ABCDEF004 /* PomodoroTimer.swift */; };
		A1234567890ABCDEF005 /* StatusBarController.swift in Sources */ = {isa = PBXBuildFile; fileRef = A1234567890ABCDEF006 /* StatusBarController.swift */; };
		A1234567890ABCDEF007 /* OverlayWindow.swift in Sources */ = {isa = PBXBuildFile; fileRef = A1234567890ABCDEF008 /* OverlayWindow.swift */; };
		A1234567890ABCDEF009 /* Assets.xcassets in Resources */ = {isa = PBXBuildFile; fileRef = A1234567890ABCDEF00A /* Assets.xcassets */; };
		A1234567890ABCDEF00B /* MainMenu.xib in Resources */ = {isa = PBXBuildFile; fileRef = A1234567890ABCDEF00C /* MainMenu.xib */; };
		A1234567890ABCDEF015 /* SettingsWindow.swift in Sources */ = {isa = PBXBuildFile; fileRef = A1234567890ABCDEF016 /* SettingsWindow.swift */; };
		FDF3445FA03D44929CE879D5 /* LaunchAtLogin.swift in Sources */ = {isa = PBXBuildFile; fileRef = 5F523799673D4942B090EFE3 /* LaunchAtLogin.swift */; };
		HR1234567890ABCDEF001 /* HealthRingsView.swift in Sources */ = {isa = PBXBuildFile; fileRef = HR1234567890ABCDEF002 /* HealthRingsView.swift */; };
		JS1234567890ABCDEF001 /* chart.js in Resources */ = {isa = PBXBuildFile; fileRef = JS1234567890ABCDEF002 /* chart.js */; };
		PW1234567890ABCDEF001 /* StatusBarPopupWindow.swift in Sources */ = {isa = PBXBuildFile; fileRef = PW1234567890ABCDEF002 /* StatusBarPopupWindow.swift */; };
		ST1234567890ABCDEF001 /* StatisticsModels.swift in Sources */ = {isa = PBXBuildFile; fileRef = ST1234567890ABCDEF002 /* StatisticsModels.swift */; };
		ST1234567890ABCDEF003 /* StatisticsDatabase.swift in Sources */ = {isa = PBXBuildFile; fileRef = ST1234567890ABCDEF004 /* StatisticsDatabase.swift */; };
		ST1234567890ABCDEF005 /* StatisticsManager.swift in Sources */ = {isa = PBXBuildFile; fileRef = ST1234567890ABCDEF006 /* StatisticsManager.swift */; };
		ST1234567890ABCDEF007 /* ReportWindow.swift in Sources */ = {isa = PBXBuildFile; fileRef = ST1234567890ABCDEF008 /* ReportWindow.swift */; };
/* End PBXBuildFile section */

/* Begin PBXContainerItemProxy section */
		2348232F2E7EAAF800DC507E /* PBXContainerItemProxy */ = {
			isa = PBXContainerItemProxy;
			containerPortal = A1234567890ABCDEF01B /* Project object */;
			proxyType = 1;
			remoteGlobalIDString = A1234567890ABCDEF017;
			remoteInfo = PomodoroScreen;
		};
/* End PBXContainerItemProxy section */

/* Begin PBXFileReference section */
		230514E62E864ABA00691DCC /* CountdownNotificationWindow.swift */ = {isa = PBXFileReference; lastKnownFileType = sourcecode.swift; path = CountdownNotificationWindow.swift; sourceTree = "<group>"; };
		23249BA52E82662F00F45D58 /* icon_video.mp4 */ = {isa = PBXFileReference; lastKnownFileType = file; path = icon_video.mp4; sourceTree = "<group>"; };
		23249BA72E826FCF00F45D58 /* IOSSwitchButton.swift */ = {isa = PBXFileReference; lastKnownFileType = sourcecode.swift; path = IOSSwitchButton.swift; sourceTree = "<group>"; };
		234823252E7EAAC500DC507E /* AutoRestartStateMachine.swift */ = {isa = PBXFileReference; lastKnownFileType = sourcecode.swift; path = AutoRestartStateMachine.swift; sourceTree = "<group>"; };
		2348232B2E7EAAF800DC507E /* PomodoroScreenTests.xctest */ = {isa = PBXFileReference; explicitFileType = wrapper.cfbundle; includeInIndex = 0; path = PomodoroScreenTests.xctest; sourceTree = BUILT_PRODUCTS_DIR; };
		23BD5A892E80F742008AEE45 /* BeautifulPoliceOfficer-rvv8x.ttf */ = {isa = PBXFileReference; lastKnownFileType = file; path = "BeautifulPoliceOfficer-rvv8x.ttf"; sourceTree = "<group>"; };
		23BD5AA82E80F9CD008AEE45 /* ClockIconGenerator.swift */ = {isa = PBXFileReference; lastKnownFileType = sourcecode.swift; path = ClockIconGenerator.swift; sourceTree = "<group>"; };
		23BD5B2C2E818E48008AEE45 /* HoverButton.swift */ = {isa = PBXFileReference; lastKnownFileType = sourcecode.swift; path = HoverButton.swift; sourceTree = "<group>"; };
		23BD5B312E818F49008AEE45 /* OnboardingWindow.swift */ = {isa = PBXFileReference; lastKnownFileType = sourcecode.swift; path = OnboardingWindow.swift; sourceTree = "<group>"; };
		23BD5C342E824FE3008AEE45 /* RoundIndicatorView.swift */ = {isa = PBXFileReference; lastKnownFileType = sourcecode.swift; path = RoundIndicatorView.swift; sourceTree = "<group>"; };
		23BD5DPD2E864ABA00691DCC /* DevicePerformanceDetector.swift */ = {isa = PBXFileReference; lastKnownFileType = sourcecode.swift; path = DevicePerformanceDetector.swift; sourceTree = "<group>"; };
		23D3CD262E879D1000E45C03 /* rest_video_dark.mp4 */ = {isa = PBXFileReference; lastKnownFileType = file; path = rest_video_dark.mp4; sourceTree = "<group>"; };
		23D3CD272E879D1000E45C03 /* rest_video_light.mp4 */ = {isa = PBXFileReference; lastKnownFileType = file; path = rest_video_light.mp4; sourceTree = "<group>"; };
		23D3CD2A2E879D1800E45C03 /* rest_image_dark.jpeg */ = {isa = PBXFileReference; lastKnownFileType = image.jpeg; path = rest_image_dark.jpeg; sourceTree = "<group>"; };
		23D3CD2B2E879D1800E45C03 /* rest_image_light.png */ = {isa = PBXFileReference; lastKnownFileType = image.png; path = rest_image_light.png; sourceTree = "<group>"; };
		23F4A38D2E842FE100B71AA7 /* ScreenDetectionManager.swift */ = {isa = PBXFileReference; lastKnownFileType = sourcecode.swift; path = ScreenDetectionManager.swift; sourceTree = "<group>"; };
		5F523799673D4942B090EFE3 /* LaunchAtLogin.swift */ = {isa = PBXFileReference; lastKnownFileType = sourcecode.swift; path = LaunchAtLogin.swift; sourceTree = "<group>"; };
		A1234567890ABCDEF000 /* PomodoroScreen.app */ = {isa = PBXFileReference; explicitFileType = wrapper.application; includeInIndex = 0; path = PomodoroScreen.app; sourceTree = BUILT_PRODUCTS_DIR; };
		A1234567890ABCDEF002 /* AppDelegate.swift */ = {isa = PBXFileReference; lastKnownFileType = sourcecode.swift; path = AppDelegate.swift; sourceTree = "<group>"; };
		A1234567890ABCDEF004 /* PomodoroTimer.swift */ = {isa = PBXFileReference; lastKnownFileType = sourcecode.swift; path = PomodoroTimer.swift; sourceTree = "<group>"; };
		A1234567890ABCDEF006 /* StatusBarController.swift */ = {isa = PBXFileReference; lastKnownFileType = sourcecode.swift; path = StatusBarController.swift; sourceTree = "<group>"; };
		A1234567890ABCDEF008 /* OverlayWindow.swift */ = {isa = PBXFileReference; lastKnownFileType = sourcecode.swift; path = OverlayWindow.swift; sourceTree = "<group>"; };
		A1234567890ABCDEF00A /* Assets.xcassets */ = {isa = PBXFileReference; lastKnownFileType = folder.assetcatalog; path = Assets.xcassets; sourceTree = "<group>"; };
		A1234567890ABCDEF00D /* Base */ = {isa = PBXFileReference; lastKnownFileType = file.xib; name = Base; path = Base.lproj/MainMenu.xib; sourceTree = "<group>"; };
		A1234567890ABCDEF00F /* Info.plist */ = {isa = PBXFileReference; lastKnownFileType = text.plist.xml; path = Info.plist; sourceTree = "<group>"; };
		A1234567890ABCDEF010 /* PomodoroScreen.entitlements */ = {isa = PBXFileReference; lastKnownFileType = text.plist.entitlements; path = PomodoroScreen.entitlements; sourceTree = "<group>"; };
		A1234567890ABCDEF016 /* SettingsWindow.swift */ = {isa = PBXFileReference; lastKnownFileType = sourcecode.swift; path = SettingsWindow.swift; sourceTree = "<group>"; };
		HR1234567890ABCDEF002 /* HealthRingsView.swift */ = {isa = PBXFileReference; lastKnownFileType = sourcecode.swift; path = HealthRingsView.swift; sourceTree = "<group>"; };
		JS1234567890ABCDEF002 /* chart.js */ = {isa = PBXFileReference; lastKnownFileType = sourcecode.javascript; path = chart.js; sourceTree = "<group>"; };
		PW1234567890ABCDEF002 /* StatusBarPopupWindow.swift */ = {isa = PBXFileReference; lastKnownFileType = sourcecode.swift; path = StatusBarPopupWindow.swift; sourceTree = "<group>"; };
		ST1234567890ABCDEF002 /* StatisticsModels.swift */ = {isa = PBXFileReference; lastKnownFileType = sourcecode.swift; path = StatisticsModels.swift; sourceTree = "<group>"; };
		ST1234567890ABCDEF004 /* StatisticsDatabase.swift */ = {isa = PBXFileReference; lastKnownFileType = sourcecode.swift; path = StatisticsDatabase.swift; sourceTree = "<group>"; };
		ST1234567890ABCDEF006 /* StatisticsManager.swift */ = {isa = PBXFileReference; lastKnownFileType = sourcecode.swift; path = StatisticsManager.swift; sourceTree = "<group>"; };
		ST1234567890ABCDEF008 /* ReportWindow.swift */ = {isa = PBXFileReference; lastKnownFileType = sourcecode.swift; path = ReportWindow.swift; sourceTree = "<group>"; };
/* End PBXFileReference section */

/* Begin PBXFileSystemSynchronizedRootGroup section */
		2348232C2E7EAAF800DC507E /* PomodoroScreenTests */ = {isa = PBXFileSystemSynchronizedRootGroup; explicitFileTypes = {}; explicitFolders = (); path = PomodoroScreenTests; sourceTree = "<group>"; };
/* End PBXFileSystemSynchronizedRootGroup section */

/* Begin PBXFrameworksBuildPhase section */
		234823282E7EAAF800DC507E /* Frameworks */ = {
			isa = PBXFrameworksBuildPhase;
			buildActionMask = 2147483647;
			files = (
			);
			runOnlyForDeploymentPostprocessing = 0;
		};
		A1234567890ABCDEF011 /* Frameworks */ = {
			isa = PBXFrameworksBuildPhase;
			buildActionMask = 2147483647;
			files = (
			);
			runOnlyForDeploymentPostprocessing = 0;
		};
/* End PBXFrameworksBuildPhase section */

/* Begin PBXGroup section */
		23249BA22E825DBC00F45D58 /* video */ = {
			isa = PBXGroup;
			children = (
				23D3CD262E879D1000E45C03 /* rest_video_dark.mp4 */,
				23D3CD272E879D1000E45C03 /* rest_video_light.mp4 */,
				23249BA52E82662F00F45D58 /* icon_video.mp4 */,
			);
			path = video;
			sourceTree = "<group>";
		};
		23BD5A8A2E80F742008AEE45 /* font */ = {
			isa = PBXGroup;
			children = (
				23BD5A892E80F742008AEE45 /* BeautifulPoliceOfficer-rvv8x.ttf */,
			);
			path = font;
			sourceTree = "<group>";
		};
		23BD5B2D2E818E48008AEE45 /* Components */ = {
			isa = PBXGroup;
			children = (
				230514E62E864ABA00691DCC /* CountdownNotificationWindow.swift */,
				23249BA72E826FCF00F45D58 /* IOSSwitchButton.swift */,
				23BD5C342E824FE3008AEE45 /* RoundIndicatorView.swift */,
				23BD5B2C2E818E48008AEE45 /* HoverButton.swift */,
				23BD5B312E818F49008AEE45 /* OnboardingWindow.swift */,
				23BD5DPD2E864ABA00691DCC /* DevicePerformanceDetector.swift */,
			);
			path = Components;
			sourceTree = "<group>";
		};
		23BD5B2E2E818E48008AEE45 /* UI */ = {
			isa = PBXGroup;
			children = (
				23BD5B2D2E818E48008AEE45 /* Components */,
			);
			path = UI;
			sourceTree = "<group>";
		};
		23D3CD2C2E879D1800E45C03 /* image */ = {
			isa = PBXGroup;
			children = (
				23D3CD2A2E879D1800E45C03 /* rest_image_dark.jpeg */,
				23D3CD2B2E879D1800E45C03 /* rest_image_light.png */,
			);
			path = image;
			sourceTree = "<group>";
		};
		A1234567890ABCDEF012 = {
			isa = PBXGroup;
			children = (
				A1234567890ABCDEF013 /* PomodoroScreen */,
				2348232C2E7EAAF800DC507E /* PomodoroScreenTests */,
				A1234567890ABCDEF014 /* Products */,
			);
			sourceTree = "<group>";
		};
		A1234567890ABCDEF013 /* PomodoroScreen */ = {
			isa = PBXGroup;
			children = (
				JS1234567890ABCDEF003 /* Resources */,
				23BD5B2E2E818E48008AEE45 /* UI */,
				23F4A38D2E842FE100B71AA7 /* ScreenDetectionManager.swift */,
				23BD5AA82E80F9CD008AEE45 /* ClockIconGenerator.swift */,
				234823252E7EAAC500DC507E /* AutoRestartStateMachine.swift */,
				A1234567890ABCDEF002 /* AppDelegate.swift */,
				A1234567890ABCDEF004 /* PomodoroTimer.swift */,
				A1234567890ABCDEF006 /* StatusBarController.swift */,
				A1234567890ABCDEF008 /* OverlayWindow.swift */,
				PW1234567890ABCDEF002 /* StatusBarPopupWindow.swift */,
				HR1234567890ABCDEF002 /* HealthRingsView.swift */,
				A1234567890ABCDEF016 /* SettingsWindow.swift */,
				ST1234567890ABCDEF002 /* StatisticsModels.swift */,
				ST1234567890ABCDEF004 /* StatisticsDatabase.swift */,
				ST1234567890ABCDEF006 /* StatisticsManager.swift */,
				ST1234567890ABCDEF008 /* ReportWindow.swift */,
				5F523799673D4942B090EFE3 /* LaunchAtLogin.swift */,
				A1234567890ABCDEF00A /* Assets.xcassets */,
				A1234567890ABCDEF00C /* MainMenu.xib */,
				A1234567890ABCDEF00F /* Info.plist */,
				A1234567890ABCDEF010 /* PomodoroScreen.entitlements */,
			);
			path = PomodoroScreen;
			sourceTree = "<group>";
		};
		A1234567890ABCDEF014 /* Products */ = {
			isa = PBXGroup;
			children = (
				A1234567890ABCDEF000 /* PomodoroScreen.app */,
				2348232B2E7EAAF800DC507E /* PomodoroScreenTests.xctest */,
			);
			name = Products;
			sourceTree = "<group>";
		};
		JS1234567890ABCDEF003 /* Resources */ = {
			isa = PBXGroup;
			children = (
				23D3CD2C2E879D1800E45C03 /* image */,
				23249BA22E825DBC00F45D58 /* video */,
				23BD5A8A2E80F742008AEE45 /* font */,
				JS1234567890ABCDEF004 /* js */,
			);
			path = Resources;
			sourceTree = "<group>";
		};
		JS1234567890ABCDEF004 /* js */ = {
			isa = PBXGroup;
			children = (
				JS1234567890ABCDEF002 /* chart.js */,
			);
			path = js;
			sourceTree = "<group>";
		};
/* End PBXGroup section */

/* Begin PBXNativeTarget section */
		2348232A2E7EAAF800DC507E /* PomodoroScreenTests */ = {
			isa = PBXNativeTarget;
			buildConfigurationList = 234823312E7EAAF800DC507E /* Build configuration list for PBXNativeTarget "PomodoroScreenTests" */;
			buildPhases = (
				234823272E7EAAF800DC507E /* Sources */,
				234823282E7EAAF800DC507E /* Frameworks */,
				234823292E7EAAF800DC507E /* Resources */,
			);
			buildRules = (
			);
			dependencies = (
				234823302E7EAAF800DC507E /* PBXTargetDependency */,
			);
			fileSystemSynchronizedGroups = (
				2348232C2E7EAAF800DC507E /* PomodoroScreenTests */,
			);
			name = PomodoroScreenTests;
			packageProductDependencies = (
			);
			productName = PomodoroScreenTests;
			productReference = 2348232B2E7EAAF800DC507E /* PomodoroScreenTests.xctest */;
			productType = "com.apple.product-type.bundle.unit-test";
		};
		A1234567890ABCDEF017 /* PomodoroScreen */ = {
			isa = PBXNativeTarget;
			buildConfigurationList = A1234567890ABCDEF018 /* Build configuration list for PBXNativeTarget "PomodoroScreen" */;
			buildPhases = (
				A1234567890ABCDEF019 /* Sources */,
				A1234567890ABCDEF011 /* Frameworks */,
				A1234567890ABCDEF01A /* Resources */,
			);
			buildRules = (
			);
			dependencies = (
			);
			name = PomodoroScreen;
			productName = PomodoroScreen;
			productReference = A1234567890ABCDEF000 /* PomodoroScreen.app */;
			productType = "com.apple.product-type.application";
		};
/* End PBXNativeTarget section */

/* Begin PBXProject section */
		A1234567890ABCDEF01B /* Project object */ = {
			isa = PBXProject;
			attributes = {
				BuildIndependentTargetsInParallel = 1;
				LastSwiftUpdateCheck = 1640;
				LastUpgradeCheck = 1540;
				TargetAttributes = {
					2348232A2E7EAAF800DC507E = {
						CreatedOnToolsVersion = 16.4;
						TestTargetID = A1234567890ABCDEF017;
					};
					A1234567890ABCDEF017 = {
						CreatedOnToolsVersion = 15.4;
					};
				};
			};
			buildConfigurationList = A1234567890ABCDEF01C /* Build configuration list for PBXProject "PomodoroScreen" */;
			compatibilityVersion = "Xcode 14.0";
			developmentRegion = en;
			hasScannedForEncodings = 0;
			knownRegions = (
				en,
				Base,
			);
			mainGroup = A1234567890ABCDEF012;
			productRefGroup = A1234567890ABCDEF014 /* Products */;
			projectDirPath = "";
			projectRoot = "";
			targets = (
				A1234567890ABCDEF017 /* PomodoroScreen */,
				2348232A2E7EAAF800DC507E /* PomodoroScreenTests */,
			);
		};
/* End PBXProject section */

/* Begin PBXResourcesBuildPhase section */
		234823292E7EAAF800DC507E /* Resources */ = {
			isa = PBXResourcesBuildPhase;
			buildActionMask = 2147483647;
			files = (
			);
			runOnlyForDeploymentPostprocessing = 0;
		};
		A1234567890ABCDEF01A /* Resources */ = {
			isa = PBXResourcesBuildPhase;
			buildActionMask = 2147483647;
			files = (
				23BD5A8B2E80F742008AEE45 /* BeautifulPoliceOfficer-rvv8x.ttf in Resources */,
				A1234567890ABCDEF009 /* Assets.xcassets in Resources */,
				23249BA62E82662F00F45D58 /* icon_video.mp4 in Resources */,
				A1234567890ABCDEF00B /* MainMenu.xib in Resources */,
				JS1234567890ABCDEF001 /* chart.js in Resources */,
				23D3CD282E879D1000E45C03 /* rest_video_dark.mp4 in Resources */,
				23D3CD292E879D1000E45C03 /* rest_video_light.mp4 in Resources */,
				23D3CD2D2E879D1800E45C03 /* rest_image_light.png in Resources */,
				23D3CD2E2E879D1800E45C03 /* rest_image_dark.jpeg in Resources */,
			);
			runOnlyForDeploymentPostprocessing = 0;
		};
/* End PBXResourcesBuildPhase section */

/* Begin PBXSourcesBuildPhase section */
		234823272E7EAAF800DC507E /* Sources */ = {
			isa = PBXSourcesBuildPhase;
			buildActionMask = 2147483647;
			files = (
			);
			runOnlyForDeploymentPostprocessing = 0;
		};
		A1234567890ABCDEF019 /* Sources */ = {
			isa = PBXSourcesBuildPhase;
			buildActionMask = 2147483647;
			files = (
				A1234567890ABCDEF001 /* AppDelegate.swift in Sources */,
				23F4A38E2E842FE100B71AA7 /* ScreenDetectionManager.swift in Sources */,
				23BD5B2F2E818E48008AEE45 /* HoverButton.swift in Sources */,
				23BD5B302E818F49008AEE45 /* OnboardingWindow.swift in Sources */,
				23BD5DPE2E864ABA00691DCC /* DevicePerformanceDetector.swift in Sources */,
				23249BA82E826FCF00F45D58 /* IOSSwitchButton.swift in Sources */,
				23BD5AA92E80F9CD008AEE45 /* ClockIconGenerator.swift in Sources */,
				A1234567890ABCDEF003 /* PomodoroTimer.swift in Sources */,
				A1234567890ABCDEF015 /* SettingsWindow.swift in Sources */,
				230514E72E864ABA00691DCC /* CountdownNotificationWindow.swift in Sources */,
				A1234567890ABCDEF005 /* StatusBarController.swift in Sources */,
				A1234567890ABCDEF007 /* OverlayWindow.swift in Sources */,
				23BD5C352E824FE6008AEE45 /* RoundIndicatorView.swift in Sources */,
				234823262E7EAAC500DC507E /* AutoRestartStateMachine.swift in Sources */,
				PW1234567890ABCDEF001 /* StatusBarPopupWindow.swift in Sources */,
				HR1234567890ABCDEF001 /* HealthRingsView.swift in Sources */,
				A1234567890ABCDEF015 /* SettingsWindow.swift in Sources */,
				ST1234567890ABCDEF001 /* StatisticsModels.swift in Sources */,
				ST1234567890ABCDEF003 /* StatisticsDatabase.swift in Sources */,
				ST1234567890ABCDEF005 /* StatisticsManager.swift in Sources */,
				ST1234567890ABCDEF007 /* ReportWindow.swift in Sources */,
				FDF3445FA03D44929CE879D5 /* LaunchAtLogin.swift in Sources */,
			);
			runOnlyForDeploymentPostprocessing = 0;
		};
/* End PBXSourcesBuildPhase section */

/* Begin PBXTargetDependency section */
		234823302E7EAAF800DC507E /* PBXTargetDependency */ = {
			isa = PBXTargetDependency;
			target = A1234567890ABCDEF017 /* PomodoroScreen */;
			targetProxy = 2348232F2E7EAAF800DC507E /* PBXContainerItemProxy */;
		};
/* End PBXTargetDependency section */

/* Begin PBXVariantGroup section */
		A1234567890ABCDEF00C /* MainMenu.xib */ = {
			isa = PBXVariantGroup;
			children = (
				A1234567890ABCDEF00D /* Base */,
			);
			name = MainMenu.xib;
			sourceTree = "<group>";
		};
/* End PBXVariantGroup section */

/* Begin XCBuildConfiguration section */
		234823322E7EAAF800DC507E /* Debug */ = {
			isa = XCBuildConfiguration;
			buildSettings = {
				BUNDLE_LOADER = "$(TEST_HOST)";
				CODE_SIGN_STYLE = Automatic;
				CURRENT_PROJECT_VERSION = 1;
				DEVELOPMENT_TEAM = Z88BWDTJ65;
				GENERATE_INFOPLIST_FILE = YES;
				MACOSX_DEPLOYMENT_TARGET = 15.5;
				MARKETING_VERSION = 1.0;
				PRODUCT_BUNDLE_IDENTIFIER = jake.PomodoroScreenTests;
				PRODUCT_NAME = "$(TARGET_NAME)";
				SWIFT_EMIT_LOC_STRINGS = NO;
				SWIFT_VERSION = 5.0;
				TEST_HOST = "$(BUILT_PRODUCTS_DIR)/PomodoroScreen.app/$(BUNDLE_EXECUTABLE_FOLDER_PATH)/PomodoroScreen";
			};
			name = Debug;
		};
		234823332E7EAAF800DC507E /* Release */ = {
			isa = XCBuildConfiguration;
			buildSettings = {
				BUNDLE_LOADER = "$(TEST_HOST)";
				CODE_SIGN_STYLE = Automatic;
				CURRENT_PROJECT_VERSION = 1;
				DEVELOPMENT_TEAM = Z88BWDTJ65;
				GENERATE_INFOPLIST_FILE = YES;
				MACOSX_DEPLOYMENT_TARGET = 15.5;
				MARKETING_VERSION = 1.0;
				PRODUCT_BUNDLE_IDENTIFIER = jake.PomodoroScreenTests;
				PRODUCT_NAME = "$(TARGET_NAME)";
				SWIFT_EMIT_LOC_STRINGS = NO;
				SWIFT_VERSION = 5.0;
				TEST_HOST = "$(BUILT_PRODUCTS_DIR)/PomodoroScreen.app/$(BUNDLE_EXECUTABLE_FOLDER_PATH)/PomodoroScreen";
			};
			name = Release;
		};
		A1234567890ABCDEF01D /* Debug */ = {
			isa = XCBuildConfiguration;
			buildSettings = {
				ALWAYS_SEARCH_USER_PATHS = NO;
				ASSETCATALOG_COMPILER_GENERATE_SWIFT_ASSET_SYMBOL_EXTENSIONS = YES;
				CLANG_ANALYZER_NONNULL = YES;
				CLANG_ANALYZER_NUMBER_OBJECT_CONVERSION = YES_AGGRESSIVE;
				CLANG_CXX_LANGUAGE_STANDARD = "gnu++20";
				CLANG_ENABLE_MODULES = YES;
				CLANG_ENABLE_OBJC_ARC = YES;
				CLANG_ENABLE_OBJC_WEAK = YES;
				CLANG_WARN_BLOCK_CAPTURE_AUTORELEASING = YES;
				CLANG_WARN_BOOL_CONVERSION = YES;
				CLANG_WARN_COMMA = YES;
				CLANG_WARN_CONSTANT_CONVERSION = YES;
				CLANG_WARN_DEPRECATED_OBJC_IMPLEMENTATIONS = YES;
				CLANG_WARN_DIRECT_OBJC_ISA_USAGE = YES_ERROR;
				CLANG_WARN_DOCUMENTATION_COMMENTS = YES;
				CLANG_WARN_EMPTY_BODY = YES;
				CLANG_WARN_ENUM_CONVERSION = YES;
				CLANG_WARN_INFINITE_RECURSION = YES;
				CLANG_WARN_INT_CONVERSION = YES;
				CLANG_WARN_NON_LITERAL_NULL_CONVERSION = YES;
				CLANG_WARN_OBJC_IMPLICIT_RETAIN_SELF = YES;
				CLANG_WARN_OBJC_LITERAL_CONVERSION = YES;
				CLANG_WARN_OBJC_ROOT_CLASS = YES_ERROR;
				CLANG_WARN_QUOTED_INCLUDE_IN_FRAMEWORK_HEADER = YES;
				CLANG_WARN_RANGE_LOOP_ANALYSIS = YES;
				CLANG_WARN_STRICT_PROTOTYPES = YES;
				CLANG_WARN_SUSPICIOUS_MOVE = YES;
				CLANG_WARN_UNGUARDED_AVAILABILITY = YES_AGGRESSIVE;
				CLANG_WARN_UNREACHABLE_CODE = YES;
				CLANG_WARN__DUPLICATE_METHOD_MATCH = YES;
				COPY_PHASE_STRIP = NO;
				DEBUG_INFORMATION_FORMAT = dwarf;
				ENABLE_STRICT_OBJC_MSGSEND = YES;
				ENABLE_TESTABILITY = YES;
				ENABLE_USER_SCRIPT_SANDBOXING = YES;
				GCC_C_LANGUAGE_STANDARD = gnu17;
				GCC_DYNAMIC_NO_PIC = NO;
				GCC_NO_COMMON_BLOCKS = YES;
				GCC_OPTIMIZATION_LEVEL = 0;
				GCC_PREPROCESSOR_DEFINITIONS = (
					"DEBUG=1",
					"$(inherited)",
				);
				GCC_WARN_64_TO_32_BIT_CONVERSION = YES;
				GCC_WARN_ABOUT_RETURN_TYPE = YES_ERROR;
				GCC_WARN_UNDECLARED_SELECTOR = YES;
				GCC_WARN_UNINITIALIZED_AUTOS = YES_AGGRESSIVE;
				GCC_WARN_UNUSED_FUNCTION = YES;
				GCC_WARN_UNUSED_VARIABLE = YES;
				LOCALIZATION_PREFERS_STRING_CATALOGS = YES;
				MACOSX_DEPLOYMENT_TARGET = 14.0;
				MTL_ENABLE_DEBUG_INFO = INCLUDE_SOURCE;
				MTL_FAST_MATH = YES;
				ONLY_ACTIVE_ARCH = YES;
				SDKROOT = macosx;
				SWIFT_ACTIVE_COMPILATION_CONDITIONS = "DEBUG $(inherited)";
				SWIFT_OPTIMIZATION_LEVEL = "-Onone";
			};
			name = Debug;
		};
		A1234567890ABCDEF01E /* Release */ = {
			isa = XCBuildConfiguration;
			buildSettings = {
				ALWAYS_SEARCH_USER_PATHS = NO;
				ASSETCATALOG_COMPILER_GENERATE_SWIFT_ASSET_SYMBOL_EXTENSIONS = YES;
				CLANG_ANALYZER_NONNULL = YES;
				CLANG_ANALYZER_NUMBER_OBJECT_CONVERSION = YES_AGGRESSIVE;
				CLANG_CXX_LANGUAGE_STANDARD = "gnu++20";
				CLANG_ENABLE_MODULES = YES;
				CLANG_ENABLE_OBJC_ARC = YES;
				CLANG_ENABLE_OBJC_WEAK = YES;
				CLANG_WARN_BLOCK_CAPTURE_AUTORELEASING = YES;
				CLANG_WARN_BOOL_CONVERSION = YES;
				CLANG_WARN_COMMA = YES;
				CLANG_WARN_CONSTANT_CONVERSION = YES;
				CLANG_WARN_DEPRECATED_OBJC_IMPLEMENTATIONS = YES;
				CLANG_WARN_DIRECT_OBJC_ISA_USAGE = YES_ERROR;
				CLANG_WARN_DOCUMENTATION_COMMENTS = YES;
				CLANG_WARN_EMPTY_BODY = YES;
				CLANG_WARN_ENUM_CONVERSION = YES;
				CLANG_WARN_INFINITE_RECURSION = YES;
				CLANG_WARN_INT_CONVERSION = YES;
				CLANG_WARN_NON_LITERAL_NULL_CONVERSION = YES;
				CLANG_WARN_OBJC_IMPLICIT_RETAIN_SELF = YES;
				CLANG_WARN_OBJC_LITERAL_CONVERSION = YES;
				CLANG_WARN_OBJC_ROOT_CLASS = YES_ERROR;
				CLANG_WARN_QUOTED_INCLUDE_IN_FRAMEWORK_HEADER = YES;
				CLANG_WARN_RANGE_LOOP_ANALYSIS = YES;
				CLANG_WARN_STRICT_PROTOTYPES = YES;
				CLANG_WARN_SUSPICIOUS_MOVE = YES;
				CLANG_WARN_UNGUARDED_AVAILABILITY = YES_AGGRESSIVE;
				CLANG_WARN_UNREACHABLE_CODE = YES;
				CLANG_WARN__DUPLICATE_METHOD_MATCH = YES;
				COPY_PHASE_STRIP = NO;
				DEBUG_INFORMATION_FORMAT = "dwarf-with-dsym";
				ENABLE_NS_ASSERTIONS = NO;
				ENABLE_STRICT_OBJC_MSGSEND = YES;
				ENABLE_USER_SCRIPT_SANDBOXING = YES;
				GCC_C_LANGUAGE_STANDARD = gnu17;
				GCC_NO_COMMON_BLOCKS = YES;
				GCC_WARN_64_TO_32_BIT_CONVERSION = YES;
				GCC_WARN_ABOUT_RETURN_TYPE = YES_ERROR;
				GCC_WARN_UNDECLARED_SELECTOR = YES;
				GCC_WARN_UNINITIALIZED_AUTOS = YES_AGGRESSIVE;
				GCC_WARN_UNUSED_FUNCTION = YES;
				GCC_WARN_UNUSED_VARIABLE = YES;
				LOCALIZATION_PREFERS_STRING_CATALOGS = YES;
				MACOSX_DEPLOYMENT_TARGET = 14.0;
				MTL_ENABLE_DEBUG_INFO = NO;
				MTL_FAST_MATH = YES;
				SDKROOT = macosx;
				SWIFT_COMPILATION_MODE = wholemodule;
			};
			name = Release;
		};
		A1234567890ABCDEF01F /* Debug */ = {
			isa = XCBuildConfiguration;
			buildSettings = {
				ASSETCATALOG_COMPILER_APPICON_NAME = AppIcon;
				ASSETCATALOG_COMPILER_GLOBAL_ACCENT_COLOR_NAME = AccentColor;
				CODE_SIGN_ENTITLEMENTS = PomodoroScreen/PomodoroScreen.entitlements;
				CODE_SIGN_STYLE = Automatic;
				COMBINE_HIDPI_IMAGES = YES;
				CURRENT_PROJECT_VERSION = 1;
				GENERATE_INFOPLIST_FILE = YES;
				INFOPLIST_FILE = PomodoroScreen/Info.plist;
				INFOPLIST_KEY_NSHumanReadableCopyright = "";
				INFOPLIST_KEY_NSMainNibFile = MainMenu;
				INFOPLIST_KEY_NSPrincipalClass = NSApplication;
				LD_RUNPATH_SEARCH_PATHS = (
					"$(inherited)",
					"@executable_path/../Frameworks",
				);
				MARKETING_VERSION = 1.0;
				PRODUCT_BUNDLE_IDENTIFIER = com.example.PomodoroScreen;
				PRODUCT_NAME = "$(TARGET_NAME)";
				SWIFT_EMIT_LOC_STRINGS = YES;
				SWIFT_VERSION = 5.0;
			};
			name = Debug;
		};
		A1234567890ABCDEF020 /* Release */ = {
			isa = XCBuildConfiguration;
			buildSettings = {
				ASSETCATALOG_COMPILER_APPICON_NAME = AppIcon;
				ASSETCATALOG_COMPILER_GLOBAL_ACCENT_COLOR_NAME = AccentColor;
				CODE_SIGN_ENTITLEMENTS = PomodoroScreen/PomodoroScreen.entitlements;
				CODE_SIGN_STYLE = Automatic;
				COMBINE_HIDPI_IMAGES = YES;
				CURRENT_PROJECT_VERSION = 1;
				GENERATE_INFOPLIST_FILE = YES;
				INFOPLIST_FILE = PomodoroScreen/Info.plist;
				INFOPLIST_KEY_NSHumanReadableCopyright = "";
				INFOPLIST_KEY_NSMainNibFile = MainMenu;
				INFOPLIST_KEY_NSPrincipalClass = NSApplication;
				LD_RUNPATH_SEARCH_PATHS = (
					"$(inherited)",
					"@executable_path/../Frameworks",
				);
				MARKETING_VERSION = 1.0;
				PRODUCT_BUNDLE_IDENTIFIER = com.example.PomodoroScreen;
				PRODUCT_NAME = "$(TARGET_NAME)";
				SWIFT_EMIT_LOC_STRINGS = YES;
				SWIFT_VERSION = 5.0;
			};
			name = Release;
		};
/* End XCBuildConfiguration section */

/* Begin XCConfigurationList section */
		234823312E7EAAF800DC507E /* Build configuration list for PBXNativeTarget "PomodoroScreenTests" */ = {
			isa = XCConfigurationList;
			buildConfigurations = (
				234823322E7EAAF800DC507E /* Debug */,
				234823332E7EAAF800DC507E /* Release */,
			);
			defaultConfigurationIsVisible = 0;
			defaultConfigurationName = Release;
		};
		A1234567890ABCDEF018 /* Build configuration list for PBXNativeTarget "PomodoroScreen" */ = {
			isa = XCConfigurationList;
			buildConfigurations = (
				A1234567890ABCDEF01F /* Debug */,
				A1234567890ABCDEF020 /* Release */,
			);
			defaultConfigurationIsVisible = 0;
			defaultConfigurationName = Release;
		};
		A1234567890ABCDEF01C /* Build configuration list for PBXProject "PomodoroScreen" */ = {
			isa = XCConfigurationList;
			buildConfigurations = (
				A1234567890ABCDEF01D /* Debug */,
				A1234567890ABCDEF01E /* Release */,
			);
			defaultConfigurationIsVisible = 0;
			defaultConfigurationName = Release;
		};
/* End XCConfigurationList section */
	};
	rootObject = A1234567890ABCDEF01B /* Project object */;
}
